
Microsoft Visual Studio Solution File, Format Version 12.00
# Visual Studio Version 17
VisualStudioVersion = 17.0.31903.59
MinimumVisualStudioVersion = 10.0.40219.1
Project("{2150E333-8FDC-42A3-9474-1A3956D46DE8}") = "src", "src", "{51EE340C-A817-44AF-A23E-D3C2CCA36808}"
EndProject
Project("{FAE04EC0-301F-11D3-BF4B-00C04F79EFBC}") = "AuthService", "src\AuthService\AuthService.csproj", "{D15DDE79-C582-4CC6-944B-C056C24CC202}"
EndProject
Project("{2150E333-8FDC-42A3-9474-1A3956D46DE8}") = "tests", "tests", "{15141F15-7B23-4DC9-A1E3-73A5D78D53A3}"
EndProject
Project("{FAE04EC0-301F-11D3-BF4B-00C04F79EFBC}") = "AuthService.Tests", "tests\AuthService.Tests\AuthService.Tests.csproj", "{1A82E732-C1E4-44BE-B6C0-80166B672203}"
EndProject
Global
	GlobalSection(SolutionConfigurationPlatforms) = preSolution
		Debug|Any CPU = Debug|Any CPU
		Release|Any CPU = Release|Any CPU
	EndGlobalSection
	GlobalSection(SolutionProperties) = preSolution
		HideSolutionNode = FALSE
	EndGlobalSection
	GlobalSection(ProjectConfigurationPlatforms) = postSolution
		{D15DDE79-C582-4CC6-944B-C056C24CC202}.Debug|Any CPU.ActiveCfg = Debug|Any CPU
		{D15DDE79-C582-4CC6-944B-C056C24CC202}.Debug|Any CPU.Build.0 = Debug|Any CPU
		{D15DDE79-C582-4CC6-944B-C056C24CC202}.Release|Any CPU.ActiveCfg = Release|Any CPU
		{D15DDE79-C582-4CC6-944B-C056C24CC202}.Release|Any CPU.Build.0 = Release|Any CPU
		{1A82E732-C1E4-44BE-B6C0-80166B672203}.Debug|Any CPU.ActiveCfg = Debug|Any CPU
		{1A82E732-C1E4-44BE-B6C0-80166B672203}.Debug|Any CPU.Build.0 = Debug|Any CPU
		{1A82E732-C1E4-44BE-B6C0-80166B672203}.Release|Any CPU.ActiveCfg = Release|Any CPU
		{1A82E732-C1E4-44BE-B6C0-80166B672203}.Release|Any CPU.Build.0 = Release|Any CPU
	EndGlobalSection
	GlobalSection(NestedProjects) = preSolution
		{D15DDE79-C582-4CC6-944B-C056C24CC202} = {51EE340C-A817-44AF-A23E-D3C2CCA36808}
		{1A82E732-C1E4-44BE-B6C0-80166B672203} = {15141F15-7B23-4DC9-A1E3-73A5D78D53A3}
	EndGlobalSection
EndGlobal
